// !$*UTF8*$!
{
	archiveVersion = 1;
	classes = {
	};
	objectVersion = 55;
	objects = {

/* Begin PBXBuildFile section */
		C92D288C2698804E00F20814 /* HTMLEntities in Frameworks */ = {isa = PBXBuildFile; productRef = C92D288B2698804E00F20814 /* HTMLEntities */; };
		C92D2891269887F500F20814 /* DashboardView.swift in Sources */ = {isa = PBXBuildFile; fileRef = C92D2890269887F500F20814 /* DashboardView.swift */; };
		C976B809269BB78B00021BD0 /* RemoteState.swift in Sources */ = {isa = PBXBuildFile; fileRef = C976B808269BB78A00021BD0 /* RemoteState.swift */; };
		C98C285F269913D400F852F0 /* CalendarExtensions.swift in Sources */ = {isa = PBXBuildFile; fileRef = C98C285E269913D400F852F0 /* CalendarExtensions.swift */; };
		C9BF00FF269BCCFC00B57FDC /* Accounts.swift in Sources */ = {isa = PBXBuildFile; fileRef = C9BF00FE269BCCFC00B57FDC /* Accounts.swift */; };
		C9BF0101269BCEB400B57FDC /* Budgets.swift in Sources */ = {isa = PBXBuildFile; fileRef = C9BF0100269BCEB400B57FDC /* Budgets.swift */; };
		C9E46B7B26976A7300B95C48 /* App.swift in Sources */ = {isa = PBXBuildFile; fileRef = C9E46B7A26976A7300B95C48 /* App.swift */; };
		C9E46B7F26976A7400B95C48 /* Assets.xcassets in Resources */ = {isa = PBXBuildFile; fileRef = C9E46B7E26976A7400B95C48 /* Assets.xcassets */; };
		C9E46B8226976A7400B95C48 /* Preview Assets.xcassets in Resources */ = {isa = PBXBuildFile; fileRef = C9E46B8126976A7400B95C48 /* Preview Assets.xcassets */; };
		C9E46B8926976AFD00B95C48 /* BudgetView.swift in Sources */ = {isa = PBXBuildFile; fileRef = C9E46B8826976AFD00B95C48 /* BudgetView.swift */; };
		C9E46B8B26976B9600B95C48 /* AppState.swift in Sources */ = {isa = PBXBuildFile; fileRef = C9E46B8A26976B9600B95C48 /* AppState.swift */; };
		C9E46B8D26976BB800B95C48 /* Types.swift in Sources */ = {isa = PBXBuildFile; fileRef = C9E46B8C26976BB800B95C48 /* Types.swift */; };
		C9E46B942697847F00B95C48 /* Api.swift in Sources */ = {isa = PBXBuildFile; fileRef = C9E46B932697847F00B95C48 /* Api.swift */; };
		C9E46B96269789C000B95C48 /* Formatter.swift in Sources */ = {isa = PBXBuildFile; fileRef = C9E46B95269789C000B95C48 /* Formatter.swift */; };
		C9E46B982697ACCB00B95C48 /* AuthView.swift in Sources */ = {isa = PBXBuildFile; fileRef = C9E46B972697ACCB00B95C48 /* AuthView.swift */; };
		C9E46B9A26983E2500B95C48 /* CommonViews.swift in Sources */ = {isa = PBXBuildFile; fileRef = C9E46B9926983E2500B95C48 /* CommonViews.swift */; };
/* End PBXBuildFile section */

/* Begin PBXFileReference section */
		C92D2890269887F500F20814 /* DashboardView.swift */ = {isa = PBXFileReference; lastKnownFileType = sourcecode.swift; path = DashboardView.swift; sourceTree = "<group>"; };
		C976B808269BB78A00021BD0 /* RemoteState.swift */ = {isa = PBXFileReference; lastKnownFileType = sourcecode.swift; path = RemoteState.swift; sourceTree = "<group>"; };
		C98C285E269913D400F852F0 /* CalendarExtensions.swift */ = {isa = PBXFileReference; lastKnownFileType = sourcecode.swift; path = CalendarExtensions.swift; sourceTree = "<group>"; };
		C9BF00FE269BCCFC00B57FDC /* Accounts.swift */ = {isa = PBXFileReference; lastKnownFileType = sourcecode.swift; path = Accounts.swift; sourceTree = "<group>"; };
		C9BF0100269BCEB400B57FDC /* Budgets.swift */ = {isa = PBXFileReference; lastKnownFileType = sourcecode.swift; path = Budgets.swift; sourceTree = "<group>"; };
		C9D3A6EF269C7B9500EFFFA5 /* Info.plist */ = {isa = PBXFileReference; lastKnownFileType = text.plist; path = Info.plist; sourceTree = "<group>"; };
		C9E46B7726976A7300B95C48 /* loosechange.app */ = {isa = PBXFileReference; explicitFileType = wrapper.application; includeInIndex = 0; path = loosechange.app; sourceTree = BUILT_PRODUCTS_DIR; };
		C9E46B7A26976A7300B95C48 /* App.swift */ = {isa = PBXFileReference; lastKnownFileType = sourcecode.swift; path = App.swift; sourceTree = "<group>"; };
		C9E46B7E26976A7400B95C48 /* Assets.xcassets */ = {isa = PBXFileReference; lastKnownFileType = folder.assetcatalog; path = Assets.xcassets; sourceTree = "<group>"; };
		C9E46B8126976A7400B95C48 /* Preview Assets.xcassets */ = {isa = PBXFileReference; lastKnownFileType = folder.assetcatalog; path = "Preview Assets.xcassets"; sourceTree = "<group>"; };
		C9E46B8826976AFD00B95C48 /* BudgetView.swift */ = {isa = PBXFileReference; lastKnownFileType = sourcecode.swift; path = BudgetView.swift; sourceTree = "<group>"; };
		C9E46B8A26976B9600B95C48 /* AppState.swift */ = {isa = PBXFileReference; lastKnownFileType = sourcecode.swift; path = AppState.swift; sourceTree = "<group>"; };
		C9E46B8C26976BB800B95C48 /* Types.swift */ = {isa = PBXFileReference; lastKnownFileType = sourcecode.swift; path = Types.swift; sourceTree = "<group>"; };
		C9E46B932697847F00B95C48 /* Api.swift */ = {isa = PBXFileReference; lastKnownFileType = sourcecode.swift; path = Api.swift; sourceTree = "<group>"; };
		C9E46B95269789C000B95C48 /* Formatter.swift */ = {isa = PBXFileReference; lastKnownFileType = sourcecode.swift; path = Formatter.swift; sourceTree = "<group>"; };
		C9E46B972697ACCB00B95C48 /* AuthView.swift */ = {isa = PBXFileReference; lastKnownFileType = sourcecode.swift; path = AuthView.swift; sourceTree = "<group>"; };
		C9E46B9926983E2500B95C48 /* CommonViews.swift */ = {isa = PBXFileReference; lastKnownFileType = sourcecode.swift; path = CommonViews.swift; sourceTree = "<group>"; };
/* End PBXFileReference section */

/* Begin PBXFrameworksBuildPhase section */
		C9E46B7426976A7300B95C48 /* Frameworks */ = {
			isa = PBXFrameworksBuildPhase;
			buildActionMask = 2147483647;
			files = (
				C92D288C2698804E00F20814 /* HTMLEntities in Frameworks */,
			);
			runOnlyForDeploymentPostprocessing = 0;
		};
/* End PBXFrameworksBuildPhase section */

/* Begin PBXGroup section */
		C92D288A2698804E00F20814 /* Frameworks */ = {
			isa = PBXGroup;
			children = (
			);
			name = Frameworks;
			sourceTree = "<group>";
		};
		C98C285D269913C900F852F0 /* Extensions */ = {
			isa = PBXGroup;
			children = (
				C98C285E269913D400F852F0 /* CalendarExtensions.swift */,
			);
			path = Extensions;
			sourceTree = "<group>";
		};
		C9BF00FD269BCCF400B57FDC /* Services */ = {
			isa = PBXGroup;
			children = (
				C9BF00FE269BCCFC00B57FDC /* Accounts.swift */,
				C9BF0100269BCEB400B57FDC /* Budgets.swift */,
			);
			path = Services;
			sourceTree = "<group>";
		};
		C9E46B6E26976A7300B95C48 = {
			isa = PBXGroup;
			children = (
				C9E46B7926976A7300B95C48 /* loosechange */,
				C9E46B7826976A7300B95C48 /* Products */,
				C92D288A2698804E00F20814 /* Frameworks */,
			);
			sourceTree = "<group>";
		};
		C9E46B7826976A7300B95C48 /* Products */ = {
			isa = PBXGroup;
			children = (
				C9E46B7726976A7300B95C48 /* loosechange.app */,
			);
			name = Products;
			sourceTree = "<group>";
		};
		C9E46B7926976A7300B95C48 /* loosechange */ = {
			isa = PBXGroup;
			children = (
				C9D3A6EF269C7B9500EFFFA5 /* Info.plist */,
				C9BF00FD269BCCF400B57FDC /* Services */,
				C98C285D269913C900F852F0 /* Extensions */,
				C9E46B8E26976F2500B95C48 /* Views */,
				C9E46B7A26976A7300B95C48 /* App.swift */,
				C9E46B8C26976BB800B95C48 /* Types.swift */,
				C9E46B932697847F00B95C48 /* Api.swift */,
				C9E46B95269789C000B95C48 /* Formatter.swift */,
				C9E46B8A26976B9600B95C48 /* AppState.swift */,
				C976B808269BB78A00021BD0 /* RemoteState.swift */,
				C9E46B7E26976A7400B95C48 /* Assets.xcassets */,
				C9E46B8026976A7400B95C48 /* Preview Content */,
			);
			path = loosechange;
			sourceTree = "<group>";
		};
		C9E46B8026976A7400B95C48 /* Preview Content */ = {
			isa = PBXGroup;
			children = (
				C9E46B8126976A7400B95C48 /* Preview Assets.xcassets */,
			);
			path = "Preview Content";
			sourceTree = "<group>";
		};
		C9E46B8E26976F2500B95C48 /* Views */ = {
			isa = PBXGroup;
			children = (
				C9E46B8826976AFD00B95C48 /* BudgetView.swift */,
				C9E46B972697ACCB00B95C48 /* AuthView.swift */,
				C9E46B9926983E2500B95C48 /* CommonViews.swift */,
				C92D2890269887F500F20814 /* DashboardView.swift */,
			);
			path = Views;
			sourceTree = "<group>";
		};
/* End PBXGroup section */

/* Begin PBXNativeTarget section */
		C9E46B7626976A7300B95C48 /* loosechange */ = {
			isa = PBXNativeTarget;
			buildConfigurationList = C9E46B8526976A7400B95C48 /* Build configuration list for PBXNativeTarget "loosechange" */;
			buildPhases = (
				C9E46B7326976A7300B95C48 /* Sources */,
				C9E46B7426976A7300B95C48 /* Frameworks */,
				C9E46B7526976A7300B95C48 /* Resources */,
			);
			buildRules = (
			);
			dependencies = (
			);
			name = loosechange;
			packageProductDependencies = (
				C92D288B2698804E00F20814 /* HTMLEntities */,
			);
			productName = loosechange;
			productReference = C9E46B7726976A7300B95C48 /* loosechange.app */;
			productType = "com.apple.product-type.application";
		};
/* End PBXNativeTarget section */

/* Begin PBXProject section */
		C9E46B6F26976A7300B95C48 /* Project object */ = {
			isa = PBXProject;
			attributes = {
				BuildIndependentTargetsInParallel = 1;
				LastSwiftUpdateCheck = 1300;
				LastUpgradeCheck = 1300;
				TargetAttributes = {
					C9E46B7626976A7300B95C48 = {
						CreatedOnToolsVersion = 13.0;
					};
				};
			};
			buildConfigurationList = C9E46B7226976A7300B95C48 /* Build configuration list for PBXProject "loosechange" */;
			compatibilityVersion = "Xcode 13.0";
			developmentRegion = en;
			hasScannedForEncodings = 0;
			knownRegions = (
				en,
				Base,
			);
			mainGroup = C9E46B6E26976A7300B95C48;
			packageReferences = (
				C92D28892698800F00F20814 /* XCRemoteSwiftPackageReference "swift-html-entities" */,
			);
			productRefGroup = C9E46B7826976A7300B95C48 /* Products */;
			projectDirPath = "";
			projectRoot = "";
			targets = (
				C9E46B7626976A7300B95C48 /* loosechange */,
			);
		};
/* End PBXProject section */

/* Begin PBXResourcesBuildPhase section */
		C9E46B7526976A7300B95C48 /* Resources */ = {
			isa = PBXResourcesBuildPhase;
			buildActionMask = 2147483647;
			files = (
				C9E46B8226976A7400B95C48 /* Preview Assets.xcassets in Resources */,
				C9E46B7F26976A7400B95C48 /* Assets.xcassets in Resources */,
			);
			runOnlyForDeploymentPostprocessing = 0;
		};
/* End PBXResourcesBuildPhase section */

/* Begin PBXSourcesBuildPhase section */
		C9E46B7326976A7300B95C48 /* Sources */ = {
			isa = PBXSourcesBuildPhase;
			buildActionMask = 2147483647;
			files = (
				C9E46B8926976AFD00B95C48 /* BudgetView.swift in Sources */,
				C9E46B7B26976A7300B95C48 /* App.swift in Sources */,
				C976B809269BB78B00021BD0 /* RemoteState.swift in Sources */,
				C9BF00FF269BCCFC00B57FDC /* Accounts.swift in Sources */,
				C9E46B8B26976B9600B95C48 /* AppState.swift in Sources */,
				C9E46B942697847F00B95C48 /* Api.swift in Sources */,
				C9BF0101269BCEB400B57FDC /* Budgets.swift in Sources */,
				C9E46B96269789C000B95C48 /* Formatter.swift in Sources */,
				C98C285F269913D400F852F0 /* CalendarExtensions.swift in Sources */,
				C9E46B8D26976BB800B95C48 /* Types.swift in Sources */,
				C92D2891269887F500F20814 /* DashboardView.swift in Sources */,
				C9E46B9A26983E2500B95C48 /* CommonViews.swift in Sources */,
				C9E46B982697ACCB00B95C48 /* AuthView.swift in Sources */,
			);
			runOnlyForDeploymentPostprocessing = 0;
		};
/* End PBXSourcesBuildPhase section */

/* Begin XCBuildConfiguration section */
		C9E46B8326976A7400B95C48 /* Debug */ = {
			isa = XCBuildConfiguration;
			buildSettings = {
				ALWAYS_SEARCH_USER_PATHS = NO;
				CLANG_ANALYZER_NONNULL = YES;
				CLANG_ANALYZER_NUMBER_OBJECT_CONVERSION = YES_AGGRESSIVE;
				CLANG_CXX_LANGUAGE_STANDARD = "gnu++14";
				CLANG_CXX_LIBRARY = "libc++";
				CLANG_ENABLE_MODULES = YES;
				CLANG_ENABLE_OBJC_ARC = YES;
				CLANG_ENABLE_OBJC_WEAK = YES;
				CLANG_WARN_BLOCK_CAPTURE_AUTORELEASING = YES;
				CLANG_WARN_BOOL_CONVERSION = YES;
				CLANG_WARN_COMMA = YES;
				CLANG_WARN_CONSTANT_CONVERSION = YES;
				CLANG_WARN_DEPRECATED_OBJC_IMPLEMENTATIONS = YES;
				CLANG_WARN_DIRECT_OBJC_ISA_USAGE = YES_ERROR;
				CLANG_WARN_DOCUMENTATION_COMMENTS = YES;
				CLANG_WARN_EMPTY_BODY = YES;
				CLANG_WARN_ENUM_CONVERSION = YES;
				CLANG_WARN_INFINITE_RECURSION = YES;
				CLANG_WARN_INT_CONVERSION = YES;
				CLANG_WARN_NON_LITERAL_NULL_CONVERSION = YES;
				CLANG_WARN_OBJC_IMPLICIT_RETAIN_SELF = YES;
				CLANG_WARN_OBJC_LITERAL_CONVERSION = YES;
				CLANG_WARN_OBJC_ROOT_CLASS = YES_ERROR;
				CLANG_WARN_QUOTED_INCLUDE_IN_FRAMEWORK_HEADER = YES;
				CLANG_WARN_RANGE_LOOP_ANALYSIS = YES;
				CLANG_WARN_STRICT_PROTOTYPES = YES;
				CLANG_WARN_SUSPICIOUS_MOVE = YES;
				CLANG_WARN_UNGUARDED_AVAILABILITY = YES_AGGRESSIVE;
				CLANG_WARN_UNREACHABLE_CODE = YES;
				CLANG_WARN__DUPLICATE_METHOD_MATCH = YES;
				COPY_PHASE_STRIP = NO;
				DEBUG_INFORMATION_FORMAT = dwarf;
				ENABLE_STRICT_OBJC_MSGSEND = YES;
				ENABLE_TESTABILITY = YES;
				GCC_C_LANGUAGE_STANDARD = gnu11;
				GCC_DYNAMIC_NO_PIC = NO;
				GCC_NO_COMMON_BLOCKS = YES;
				GCC_OPTIMIZATION_LEVEL = 0;
				GCC_PREPROCESSOR_DEFINITIONS = (
					"DEBUG=1",
					"$(inherited)",
				);
				GCC_WARN_64_TO_32_BIT_CONVERSION = YES;
				GCC_WARN_ABOUT_RETURN_TYPE = YES_ERROR;
				GCC_WARN_UNDECLARED_SELECTOR = YES;
				GCC_WARN_UNINITIALIZED_AUTOS = YES_AGGRESSIVE;
				GCC_WARN_UNUSED_FUNCTION = YES;
				GCC_WARN_UNUSED_VARIABLE = YES;
				IPHONEOS_DEPLOYMENT_TARGET = 15.0;
				MTL_ENABLE_DEBUG_INFO = INCLUDE_SOURCE;
				MTL_FAST_MATH = YES;
				ONLY_ACTIVE_ARCH = YES;
				SDKROOT = iphoneos;
				SWIFT_ACTIVE_COMPILATION_CONDITIONS = DEBUG;
				SWIFT_OPTIMIZATION_LEVEL = "-Onone";
			};
			name = Debug;
		};
		C9E46B8426976A7400B95C48 /* Release */ = {
			isa = XCBuildConfiguration;
			buildSettings = {
				ALWAYS_SEARCH_USER_PATHS = NO;
				CLANG_ANALYZER_NONNULL = YES;
				CLANG_ANALYZER_NUMBER_OBJECT_CONVERSION = YES_AGGRESSIVE;
				CLANG_CXX_LANGUAGE_STANDARD = "gnu++14";
				CLANG_CXX_LIBRARY = "libc++";
				CLANG_ENABLE_MODULES = YES;
				CLANG_ENABLE_OBJC_ARC = YES;
				CLANG_ENABLE_OBJC_WEAK = YES;
				CLANG_WARN_BLOCK_CAPTURE_AUTORELEASING = YES;
				CLANG_WARN_BOOL_CONVERSION = YES;
				CLANG_WARN_COMMA = YES;
				CLANG_WARN_CONSTANT_CONVERSION = YES;
				CLANG_WARN_DEPRECATED_OBJC_IMPLEMENTATIONS = YES;
				CLANG_WARN_DIRECT_OBJC_ISA_USAGE = YES_ERROR;
				CLANG_WARN_DOCUMENTATION_COMMENTS = YES;
				CLANG_WARN_EMPTY_BODY = YES;
				CLANG_WARN_ENUM_CONVERSION = YES;
				CLANG_WARN_INFINITE_RECURSION = YES;
				CLANG_WARN_INT_CONVERSION = YES;
				CLANG_WARN_NON_LITERAL_NULL_CONVERSION = YES;
				CLANG_WARN_OBJC_IMPLICIT_RETAIN_SELF = YES;
				CLANG_WARN_OBJC_LITERAL_CONVERSION = YES;
				CLANG_WARN_OBJC_ROOT_CLASS = YES_ERROR;
				CLANG_WARN_QUOTED_INCLUDE_IN_FRAMEWORK_HEADER = YES;
				CLANG_WARN_RANGE_LOOP_ANALYSIS = YES;
				CLANG_WARN_STRICT_PROTOTYPES = YES;
				CLANG_WARN_SUSPICIOUS_MOVE = YES;
				CLANG_WARN_UNGUARDED_AVAILABILITY = YES_AGGRESSIVE;
				CLANG_WARN_UNREACHABLE_CODE = YES;
				CLANG_WARN__DUPLICATE_METHOD_MATCH = YES;
				COPY_PHASE_STRIP = NO;
				DEBUG_INFORMATION_FORMAT = "dwarf-with-dsym";
				ENABLE_NS_ASSERTIONS = NO;
				ENABLE_STRICT_OBJC_MSGSEND = YES;
				GCC_C_LANGUAGE_STANDARD = gnu11;
				GCC_NO_COMMON_BLOCKS = YES;
				GCC_WARN_64_TO_32_BIT_CONVERSION = YES;
				GCC_WARN_ABOUT_RETURN_TYPE = YES_ERROR;
				GCC_WARN_UNDECLARED_SELECTOR = YES;
				GCC_WARN_UNINITIALIZED_AUTOS = YES_AGGRESSIVE;
				GCC_WARN_UNUSED_FUNCTION = YES;
				GCC_WARN_UNUSED_VARIABLE = YES;
				IPHONEOS_DEPLOYMENT_TARGET = 15.0;
				MTL_ENABLE_DEBUG_INFO = NO;
				MTL_FAST_MATH = YES;
				SDKROOT = iphoneos;
				SWIFT_COMPILATION_MODE = wholemodule;
				SWIFT_OPTIMIZATION_LEVEL = "-O";
				VALIDATE_PRODUCT = YES;
			};
			name = Release;
		};
		C9E46B8626976A7400B95C48 /* Debug */ = {
			isa = XCBuildConfiguration;
			buildSettings = {
				ASSETCATALOG_COMPILER_APPICON_NAME = AppIcon;
				ASSETCATALOG_COMPILER_GLOBAL_ACCENT_COLOR_NAME = AccentColor;
				ASSETCATALOG_COMPILER_INCLUDE_ALL_APPICON_ASSETS = YES;
				CODE_SIGN_STYLE = Automatic;
				CURRENT_PROJECT_VERSION = 1;
				DEVELOPMENT_ASSET_PATHS = "\"loosechange/Preview Content\"";
				DEVELOPMENT_TEAM = 399Y562TGG;
				ENABLE_PREVIEWS = YES;
				GENERATE_INFOPLIST_FILE = YES;
				INFOPLIST_FILE = loosechange/Info.plist;
				INFOPLIST_KEY_CFBundleDisplayName = LooseChange;
				INFOPLIST_KEY_CFBundleExecutable = loosechange;
				INFOPLIST_KEY_CFBundleName = loosechange;
				INFOPLIST_KEY_CFBundleVersion = 1;
				INFOPLIST_KEY_UIApplicationSceneManifest_Generation = YES;
				INFOPLIST_KEY_UIApplicationSupportsIndirectInputEvents = YES;
				INFOPLIST_KEY_UILaunchScreen_Generation = YES;
				INFOPLIST_KEY_UISupportedInterfaceOrientations_iPad = "UIInterfaceOrientationPortrait UIInterfaceOrientationPortraitUpsideDown UIInterfaceOrientationLandscapeLeft UIInterfaceOrientationLandscapeRight";
				INFOPLIST_KEY_UISupportedInterfaceOrientations_iPhone = "UIInterfaceOrientationPortrait UIInterfaceOrientationLandscapeLeft UIInterfaceOrientationLandscapeRight";
				IPHONEOS_DEPLOYMENT_TARGET = 15.0;
				LD_RUNPATH_SEARCH_PATHS = (
					"$(inherited)",
					"@executable_path/Frameworks",
				);
				MARKETING_VERSION = 1.0;
				PRODUCT_BUNDLE_IDENTIFIER = io.sleepyfran.loosechange;
				PRODUCT_NAME = "$(TARGET_NAME)";
				SWIFT_EMIT_LOC_STRINGS = YES;
				SWIFT_VERSION = 5.0;
				TARGETED_DEVICE_FAMILY = 1;
			};
			name = Debug;
		};
		C9E46B8726976A7400B95C48 /* Release */ = {
			isa = XCBuildConfiguration;
			buildSettings = {
				ASSETCATALOG_COMPILER_APPICON_NAME = AppIcon;
				ASSETCATALOG_COMPILER_GLOBAL_ACCENT_COLOR_NAME = AccentColor;
				ASSETCATALOG_COMPILER_INCLUDE_ALL_APPICON_ASSETS = YES;
				CODE_SIGN_STYLE = Automatic;
				CURRENT_PROJECT_VERSION = 1;
				DEVELOPMENT_ASSET_PATHS = "\"loosechange/Preview Content\"";
				DEVELOPMENT_TEAM = 399Y562TGG;
				ENABLE_PREVIEWS = YES;
				GENERATE_INFOPLIST_FILE = YES;
				INFOPLIST_FILE = loosechange/Info.plist;
				INFOPLIST_KEY_CFBundleDisplayName = LooseChange;
				INFOPLIST_KEY_CFBundleExecutable = loosechange;
				INFOPLIST_KEY_CFBundleName = loosechange;
				INFOPLIST_KEY_CFBundleVersion = 1;
				INFOPLIST_KEY_UIApplicationSceneManifest_Generation = YES;
				INFOPLIST_KEY_UIApplicationSupportsIndirectInputEvents = YES;
				INFOPLIST_KEY_UILaunchScreen_Generation = YES;
				INFOPLIST_KEY_UISupportedInterfaceOrientations_iPad = "UIInterfaceOrientationPortrait UIInterfaceOrientationPortraitUpsideDown UIInterfaceOrientationLandscapeLeft UIInterfaceOrientationLandscapeRight";
				INFOPLIST_KEY_UISupportedInterfaceOrientations_iPhone = "UIInterfaceOrientationPortrait UIInterfaceOrientationLandscapeLeft UIInterfaceOrientationLandscapeRight";
				IPHONEOS_DEPLOYMENT_TARGET = 15.0;
				LD_RUNPATH_SEARCH_PATHS = (
					"$(inherited)",
					"@executable_path/Frameworks",
				);
				MARKETING_VERSION = 1.0;
				PRODUCT_BUNDLE_IDENTIFIER = io.sleepyfran.loosechange;
				PRODUCT_NAME = "$(TARGET_NAME)";
				SWIFT_EMIT_LOC_STRINGS = YES;
				SWIFT_VERSION = 5.0;
				TARGETED_DEVICE_FAMILY = 1;
			};
			name = Release;
		};
/* End XCBuildConfiguration section */

/* Begin XCConfigurationList section */
		C9E46B7226976A7300B95C48 /* Build configuration list for PBXProject "loosechange" */ = {
			isa = XCConfigurationList;
			buildConfigurations = (
				C9E46B8326976A7400B95C48 /* Debug */,
				C9E46B8426976A7400B95C48 /* Release */,
			);
			defaultConfigurationIsVisible = 0;
			defaultConfigurationName = Release;
		};
		C9E46B8526976A7400B95C48 /* Build configuration list for PBXNativeTarget "loosechange" */ = {
			isa = XCConfigurationList;
			buildConfigurations = (
				C9E46B8626976A7400B95C48 /* Debug */,
				C9E46B8726976A7400B95C48 /* Release */,
			);
			defaultConfigurationIsVisible = 0;
			defaultConfigurationName = Release;
		};
/* End XCConfigurationList section */

/* Begin XCRemoteSwiftPackageReference section */
		C92D28892698800F00F20814 /* XCRemoteSwiftPackageReference "swift-html-entities" */ = {
			isa = XCRemoteSwiftPackageReference;
			repositoryURL = "https://github.com/Kitura/swift-html-entities";
			requirement = {
				branch = master;
				kind = branch;
			};
		};
/* End XCRemoteSwiftPackageReference section */

/* Begin XCSwiftPackageProductDependency section */
		C92D288B2698804E00F20814 /* HTMLEntities */ = {
			isa = XCSwiftPackageProductDependency;
			package = C92D28892698800F00F20814 /* XCRemoteSwiftPackageReference "swift-html-entities" */;
			productName = HTMLEntities;
		};
/* End XCSwiftPackageProductDependency section */
	};
	rootObject = C9E46B6F26976A7300B95C48 /* Project object */;
}
